
Microsoft Visual Studio Solution File, Format Version 12.00
# Visual Studio Version 16
VisualStudioVersion = 16.0.29001.49
MinimumVisualStudioVersion = 10.0.40219.1
Project("{FAE04EC0-301F-11D3-BF4B-00C04F79EFBC}") = "RMays.Algos", "RMays.Algos\RMays.Algos.csproj", "{E29202F7-7E90-400C-8C3D-F10B3B4DC5C0}"
EndProject
Global
	GlobalSection(SolutionConfigurationPlatforms) = preSolution
		Debug|Any CPU = Debug|Any CPU
		Release|Any CPU = Release|Any CPU
	EndGlobalSection
	GlobalSection(ProjectConfigurationPlatforms) = postSolution
		{E29202F7-7E90-400C-8C3D-F10B3B4DC5C0}.Debug|Any CPU.ActiveCfg = Debug|Any CPU
		{E29202F7-7E90-400C-8C3D-F10B3B4DC5C0}.Debug|Any CPU.Build.0 = Debug|Any CPU
		{E29202F7-7E90-400C-8C3D-F10B3B4DC5C0}.Release|Any CPU.ActiveCfg = Release|Any CPU
		{E29202F7-7E90-400C-8C3D-F10B3B4DC5C0}.Release|Any CPU.Build.0 = Release|Any CPU
	EndGlobalSection
	GlobalSection(SolutionProperties) = preSolution
		HideSolutionNode = FALSE
	EndGlobalSection
	GlobalSection(ExtensibilityGlobals) = postSolution
		SolutionGuid = {305C4E52-FEB2-4632-BA4C-22E7B4EF4F40}
	EndGlobalSection
EndGlobal
